PODS:
  - Amplitude-iOS (4.2.1)
  - BuddyBuildSDK (1.0.17)
  - Flurry-iOS-SDK/FlurrySDK (8.6.1)
  - Google-Mobile-Ads-SDK (7.31.0)
  - iRate (1.12.2)
  - Onboard (2.3.3)
  - SAConfettiView (0.1.8)
  - Siren (3.4.1)
  - SwiftyBeaver (1.6.0)

DEPENDENCIES:
  - Amplitude-iOS
  - BuddyBuildSDK
  - Flurry-iOS-SDK/FlurrySDK
  - Google-Mobile-Ads-SDK
  - iRate
  - Onboard
  - SAConfettiView
  - Siren
  - SwiftyBeaver

SPEC REPOS:
  https://github.com/cocoapods/specs.git:
    - Amplitude-iOS
    - BuddyBuildSDK
    - Flurry-iOS-SDK
    - Google-Mobile-Ads-SDK
    - iRate
    - Onboard
    - SAConfettiView
    - Siren
    - SwiftyBeaver

SPEC CHECKSUMS:
  Amplitude-iOS: 84da24ca8557fa3741888502c30c0b8b365acd7d
  BuddyBuildSDK: 8ae12ee721098b356a961ea7dce70ae55f93a7d2
  Flurry-iOS-SDK: daffe3d0afa95b7b0f1a803f2b708a926ecbf833
  Google-Mobile-Ads-SDK: 6e529e748b45507a2ca904e0b5a52669ba3920c4
  iRate: 4fc69958788624545e5d050c8ffd20884013c3f1
  Onboard: 4d6e943e20bdd6bc229df967a347dd7514bc2a6f
  SAConfettiView: c87031a2280659261b730fce3669fb10e73636ee
  Siren: 94e13d40b48d8c0ddac053140d607c36bb487767
  SwiftyBeaver: e45759613e50b522b0e6f53b1f0f14389b45ca34

PODFILE CHECKSUM: 2576d0a82f2df21d4c95e7cc150bf6c18ee00308

COCOAPODS: 1.5.3
