// !$*UTF8*$!
{
	archiveVersion = 1;
	classes = {
	};
	objectVersion = 46;
	objects = {

/* Begin PBXBuildFile section */
		C60D5ACD1B6A11D800672EC1 /* magicBlast.sks in Resources */ = {isa = PBXBuildFile; fileRef = C60D5ACB1B6A11D800672EC1 /* magicBlast.sks */; };
		C60D5ACE1B6A11D800672EC1 /* spark.png in Resources */ = {isa = PBXBuildFile; fileRef = C60D5ACC1B6A11D800672EC1 /* spark.png */; };
		C60D5AD01B6A140900672EC1 /* death.sks in Resources */ = {isa = PBXBuildFile; fileRef = C60D5ACF1B6A140900672EC1 /* death.sks */; };
		C60D5AD21B6AF57300672EC1 /* Entity.swift in Sources */ = {isa = PBXBuildFile; fileRef = C60D5AD11B6AF57300672EC1 /* Entity.swift */; };
		C60D5AD41B6AF5B000672EC1 /* Player.swift in Sources */ = {isa = PBXBuildFile; fileRef = C60D5AD31B6AF5B000672EC1 /* Player.swift */; };
		C63933ED1B775ECC009FFC3B /* Breaking Blocks SFX.wav in Resources */ = {isa = PBXBuildFile; fileRef = C63933EB1B775ECC009FFC3B /* Breaking Blocks SFX.wav */; };
		C63933EE1B775ECC009FFC3B /* minionHurt.wav in Resources */ = {isa = PBXBuildFile; fileRef = C63933EC1B775ECC009FFC3B /* minionHurt.wav */; };
		C63933F11B78DBF8009FFC3B /* ghostHurt.wav in Resources */ = {isa = PBXBuildFile; fileRef = C63933EF1B78DBF8009FFC3B /* ghostHurt.wav */; };
		C63933F21B78DBF8009FFC3B /* soldierHurt.wav in Resources */ = {isa = PBXBuildFile; fileRef = C63933F01B78DBF8009FFC3B /* soldierHurt.wav */; };
		C63933F41B78DDE2009FFC3B /* background.mp3 in Resources */ = {isa = PBXBuildFile; fileRef = C63933F31B78DDE2009FFC3B /* background.mp3 */; };
		C658633E1B6864FA00F89D71 /* engine.sks in Resources */ = {isa = PBXBuildFile; fileRef = C658633D1B6864FA00F89D71 /* engine.sks */; };
		C6D395E41B64579100830790 /* AppDelegate.swift in Sources */ = {isa = PBXBuildFile; fileRef = C6D395E31B64579100830790 /* AppDelegate.swift */; };
		C6D395E61B64579100830790 /* GameScene.sks in Resources */ = {isa = PBXBuildFile; fileRef = C6D395E51B64579100830790 /* GameScene.sks */; };
		C6D395E81B64579100830790 /* GameScene.swift in Sources */ = {isa = PBXBuildFile; fileRef = C6D395E71B64579100830790 /* GameScene.swift */; };
		C6D395EA1B64579100830790 /* GameViewController.swift in Sources */ = {isa = PBXBuildFile; fileRef = C6D395E91B64579100830790 /* GameViewController.swift */; };
		C6D395ED1B64579100830790 /* Main.storyboard in Resources */ = {isa = PBXBuildFile; fileRef = C6D395EB1B64579100830790 /* Main.storyboard */; };
		C6D395EF1B64579200830790 /* Assets.xcassets in Resources */ = {isa = PBXBuildFile; fileRef = C6D395EE1B64579200830790 /* Assets.xcassets */; };
		C6D395F21B64579200830790 /* LaunchScreen.storyboard in Resources */ = {isa = PBXBuildFile; fileRef = C6D395F01B64579200830790 /* LaunchScreen.storyboard */; };
		C6D395FD1B64579200830790 /* relliKTests.swift in Sources */ = {isa = PBXBuildFile; fileRef = C6D395FC1B64579200830790 /* relliKTests.swift */; };
		C6D396081B64579200830790 /* relliKUITests.swift in Sources */ = {isa = PBXBuildFile; fileRef = C6D396071B64579200830790 /* relliKUITests.swift */; };
		C6D396201B64594F00830790 /* GlobalsAndConstants.swift in Sources */ = {isa = PBXBuildFile; fileRef = C6D3961F1B64594F00830790 /* GlobalsAndConstants.swift */; };
		C6D396221B64595B00830790 /* GameOverScene.swift in Sources */ = {isa = PBXBuildFile; fileRef = C6D396211B64595B00830790 /* GameOverScene.swift */; };
		C6D396241B64596300830790 /* Int+Extensions.swift in Sources */ = {isa = PBXBuildFile; fileRef = C6D396231B64596300830790 /* Int+Extensions.swift */; };
		C6D396261B64596B00830790 /* Enemy.swift in Sources */ = {isa = PBXBuildFile; fileRef = C6D396251B64596B00830790 /* Enemy.swift */; };
		C6D396281B64597400830790 /* MainMenuScene.swift in Sources */ = {isa = PBXBuildFile; fileRef = C6D396271B64597400830790 /* MainMenuScene.swift */; };
		C6D3962A1B64597D00830790 /* MyUtils.swift in Sources */ = {isa = PBXBuildFile; fileRef = C6D396291B64597D00830790 /* MyUtils.swift */; };
		C6DB59C51B6E29900013362E /* light.sks in Resources */ = {isa = PBXBuildFile; fileRef = C6DB59C41B6E29900013362E /* light.sks */; };
		C6E98B071B6F5E75005B1B29 /* attack.wav in Resources */ = {isa = PBXBuildFile; fileRef = C6E98AFE1B6F5E75005B1B29 /* attack.wav */; };
		C6E98B081B6F5E75005B1B29 /* bossHurt.wav in Resources */ = {isa = PBXBuildFile; fileRef = C6E98AFF1B6F5E75005B1B29 /* bossHurt.wav */; };
		C6E98B091B6F5E75005B1B29 /* bulletHurt.wav in Resources */ = {isa = PBXBuildFile; fileRef = C6E98B001B6F5E75005B1B29 /* bulletHurt.wav */; };
		C6E98B0A1B6F5E75005B1B29 /* playerPain1.wav in Resources */ = {isa = PBXBuildFile; fileRef = C6E98B011B6F5E75005B1B29 /* playerPain1.wav */; };
		C6E98B0B1B6F5E75005B1B29 /* playerPain2.wav in Resources */ = {isa = PBXBuildFile; fileRef = C6E98B021B6F5E75005B1B29 /* playerPain2.wav */; };
		C6E98B0C1B6F5E75005B1B29 /* playerPain3.wav in Resources */ = {isa = PBXBuildFile; fileRef = C6E98B031B6F5E75005B1B29 /* playerPain3.wav */; };
		C6E98B0D1B6F5E75005B1B29 /* playerPain4.wav in Resources */ = {isa = PBXBuildFile; fileRef = C6E98B041B6F5E75005B1B29 /* playerPain4.wav */; };
		C6E98B0E1B6F5E75005B1B29 /* bulletAttack.wav in Resources */ = {isa = PBXBuildFile; fileRef = C6E98B051B6F5E75005B1B29 /* bulletAttack.wav */; };
		C6E98B0F1B6F5E75005B1B29 /* spawn.wav in Resources */ = {isa = PBXBuildFile; fileRef = C6E98B061B6F5E75005B1B29 /* spawn.wav */; };
		C6E98B111B6F6089005B1B29 /* move.wav in Resources */ = {isa = PBXBuildFile; fileRef = C6E98B101B6F6089005B1B29 /* move.wav */; };
/* End PBXBuildFile section */

/* Begin PBXContainerItemProxy section */
		C6D395F91B64579200830790 /* PBXContainerItemProxy */ = {
			isa = PBXContainerItemProxy;
			containerPortal = C6D395D81B64579100830790 /* Project object */;
			proxyType = 1;
			remoteGlobalIDString = C6D395DF1B64579100830790;
			remoteInfo = relliK;
		};
		C6D396041B64579200830790 /* PBXContainerItemProxy */ = {
			isa = PBXContainerItemProxy;
			containerPortal = C6D395D81B64579100830790 /* Project object */;
			proxyType = 1;
			remoteGlobalIDString = C6D395DF1B64579100830790;
			remoteInfo = relliK;
		};
/* End PBXContainerItemProxy section */

/* Begin PBXFileReference section */
		C60D5ACB1B6A11D800672EC1 /* magicBlast.sks */ = {isa = PBXFileReference; lastKnownFileType = file.sks; path = magicBlast.sks; sourceTree = "<group>"; };
		C60D5ACC1B6A11D800672EC1 /* spark.png */ = {isa = PBXFileReference; lastKnownFileType = image.png; path = spark.png; sourceTree = "<group>"; };
		C60D5ACF1B6A140900672EC1 /* death.sks */ = {isa = PBXFileReference; lastKnownFileType = file.sks; path = death.sks; sourceTree = "<group>"; };
		C60D5AD11B6AF57300672EC1 /* Entity.swift */ = {isa = PBXFileReference; fileEncoding = 4; lastKnownFileType = sourcecode.swift; path = Entity.swift; sourceTree = "<group>"; };
		C60D5AD31B6AF5B000672EC1 /* Player.swift */ = {isa = PBXFileReference; fileEncoding = 4; lastKnownFileType = sourcecode.swift; path = Player.swift; sourceTree = "<group>"; };
		C63933EB1B775ECC009FFC3B /* Breaking Blocks SFX.wav */ = {isa = PBXFileReference; lastKnownFileType = audio.wav; path = "Breaking Blocks SFX.wav"; sourceTree = "<group>"; };
		C63933EC1B775ECC009FFC3B /* minionHurt.wav */ = {isa = PBXFileReference; lastKnownFileType = audio.wav; path = minionHurt.wav; sourceTree = "<group>"; };
		C63933EF1B78DBF8009FFC3B /* ghostHurt.wav */ = {isa = PBXFileReference; lastKnownFileType = audio.wav; path = ghostHurt.wav; sourceTree = "<group>"; };
		C63933F01B78DBF8009FFC3B /* soldierHurt.wav */ = {isa = PBXFileReference; lastKnownFileType = audio.wav; path = soldierHurt.wav; sourceTree = "<group>"; };
		C63933F31B78DDE2009FFC3B /* background.mp3 */ = {isa = PBXFileReference; lastKnownFileType = audio.mp3; path = background.mp3; sourceTree = "<group>"; };
		C658633D1B6864FA00F89D71 /* engine.sks */ = {isa = PBXFileReference; lastKnownFileType = file.sks; path = engine.sks; sourceTree = "<group>"; };
		C6D395E01B64579100830790 /* relliK.app */ = {isa = PBXFileReference; explicitFileType = wrapper.application; includeInIndex = 0; path = relliK.app; sourceTree = BUILT_PRODUCTS_DIR; };
		C6D395E31B64579100830790 /* AppDelegate.swift */ = {isa = PBXFileReference; lastKnownFileType = sourcecode.swift; path = AppDelegate.swift; sourceTree = "<group>"; };
		C6D395E51B64579100830790 /* GameScene.sks */ = {isa = PBXFileReference; lastKnownFileType = file.sks; path = GameScene.sks; sourceTree = "<group>"; };
		C6D395E71B64579100830790 /* GameScene.swift */ = {isa = PBXFileReference; lastKnownFileType = sourcecode.swift; path = GameScene.swift; sourceTree = "<group>"; };
		C6D395E91B64579100830790 /* GameViewController.swift */ = {isa = PBXFileReference; lastKnownFileType = sourcecode.swift; path = GameViewController.swift; sourceTree = "<group>"; };
		C6D395EC1B64579100830790 /* Base */ = {isa = PBXFileReference; lastKnownFileType = file.storyboard; name = Base; path = Base.lproj/Main.storyboard; sourceTree = "<group>"; };
		C6D395EE1B64579200830790 /* Assets.xcassets */ = {isa = PBXFileReference; lastKnownFileType = folder.assetcatalog; path = Assets.xcassets; sourceTree = "<group>"; };
		C6D395F11B64579200830790 /* Base */ = {isa = PBXFileReference; lastKnownFileType = file.storyboard; name = Base; path = Base.lproj/LaunchScreen.storyboard; sourceTree = "<group>"; };
		C6D395F31B64579200830790 /* Info.plist */ = {isa = PBXFileReference; lastKnownFileType = text.plist.xml; path = Info.plist; sourceTree = "<group>"; };
		C6D395F81B64579200830790 /* relliKTests.xctest */ = {isa = PBXFileReference; explicitFileType = wrapper.cfbundle; includeInIndex = 0; path = relliKTests.xctest; sourceTree = BUILT_PRODUCTS_DIR; };
		C6D395FC1B64579200830790 /* relliKTests.swift */ = {isa = PBXFileReference; lastKnownFileType = sourcecode.swift; path = relliKTests.swift; sourceTree = "<group>"; };
		C6D395FE1B64579200830790 /* Info.plist */ = {isa = PBXFileReference; lastKnownFileType = text.plist.xml; path = Info.plist; sourceTree = "<group>"; };
		C6D396031B64579200830790 /* relliKUITests.xctest */ = {isa = PBXFileReference; explicitFileType = wrapper.cfbundle; includeInIndex = 0; path = relliKUITests.xctest; sourceTree = BUILT_PRODUCTS_DIR; };
		C6D396071B64579200830790 /* relliKUITests.swift */ = {isa = PBXFileReference; lastKnownFileType = sourcecode.swift; path = relliKUITests.swift; sourceTree = "<group>"; };
		C6D396091B64579200830790 /* Info.plist */ = {isa = PBXFileReference; lastKnownFileType = text.plist.xml; path = Info.plist; sourceTree = "<group>"; };
		C6D3961F1B64594F00830790 /* GlobalsAndConstants.swift */ = {isa = PBXFileReference; fileEncoding = 4; lastKnownFileType = sourcecode.swift; path = GlobalsAndConstants.swift; sourceTree = "<group>"; };
		C6D396211B64595B00830790 /* GameOverScene.swift */ = {isa = PBXFileReference; fileEncoding = 4; lastKnownFileType = sourcecode.swift; path = GameOverScene.swift; sourceTree = "<group>"; };
		C6D396231B64596300830790 /* Int+Extensions.swift */ = {isa = PBXFileReference; fileEncoding = 4; lastKnownFileType = sourcecode.swift; path = "Int+Extensions.swift"; sourceTree = "<group>"; };
		C6D396251B64596B00830790 /* Enemy.swift */ = {isa = PBXFileReference; fileEncoding = 4; lastKnownFileType = sourcecode.swift; path = Enemy.swift; sourceTree = "<group>"; };
		C6D396271B64597400830790 /* MainMenuScene.swift */ = {isa = PBXFileReference; fileEncoding = 4; lastKnownFileType = sourcecode.swift; path = MainMenuScene.swift; sourceTree = "<group>"; };
		C6D396291B64597D00830790 /* MyUtils.swift */ = {isa = PBXFileReference; fileEncoding = 4; lastKnownFileType = sourcecode.swift; path = MyUtils.swift; sourceTree = "<group>"; };
		C6DB59C41B6E29900013362E /* light.sks */ = {isa = PBXFileReference; lastKnownFileType = file.sks; path = light.sks; sourceTree = "<group>"; };
		C6E98AFE1B6F5E75005B1B29 /* attack.wav */ = {isa = PBXFileReference; lastKnownFileType = audio.wav; path = attack.wav; sourceTree = "<group>"; };
		C6E98AFF1B6F5E75005B1B29 /* bossHurt.wav */ = {isa = PBXFileReference; lastKnownFileType = audio.wav; path = bossHurt.wav; sourceTree = "<group>"; };
		C6E98B001B6F5E75005B1B29 /* bulletHurt.wav */ = {isa = PBXFileReference; lastKnownFileType = audio.wav; path = bulletHurt.wav; sourceTree = "<group>"; };
		C6E98B011B6F5E75005B1B29 /* playerPain1.wav */ = {isa = PBXFileReference; lastKnownFileType = audio.wav; path = playerPain1.wav; sourceTree = "<group>"; };
		C6E98B021B6F5E75005B1B29 /* playerPain2.wav */ = {isa = PBXFileReference; lastKnownFileType = audio.wav; path = playerPain2.wav; sourceTree = "<group>"; };
		C6E98B031B6F5E75005B1B29 /* playerPain3.wav */ = {isa = PBXFileReference; lastKnownFileType = audio.wav; path = playerPain3.wav; sourceTree = "<group>"; };
		C6E98B041B6F5E75005B1B29 /* playerPain4.wav */ = {isa = PBXFileReference; lastKnownFileType = audio.wav; path = playerPain4.wav; sourceTree = "<group>"; };
		C6E98B051B6F5E75005B1B29 /* bulletAttack.wav */ = {isa = PBXFileReference; lastKnownFileType = audio.wav; path = bulletAttack.wav; sourceTree = "<group>"; };
		C6E98B061B6F5E75005B1B29 /* spawn.wav */ = {isa = PBXFileReference; lastKnownFileType = audio.wav; path = spawn.wav; sourceTree = "<group>"; };
		C6E98B101B6F6089005B1B29 /* move.wav */ = {isa = PBXFileReference; lastKnownFileType = audio.wav; path = move.wav; sourceTree = "<group>"; };
/* End PBXFileReference section */

/* Begin PBXFrameworksBuildPhase section */
		C6D395DD1B64579100830790 /* Frameworks */ = {
			isa = PBXFrameworksBuildPhase;
			buildActionMask = 2147483647;
			files = (
			);
			runOnlyForDeploymentPostprocessing = 0;
		};
		C6D395F51B64579200830790 /* Frameworks */ = {
			isa = PBXFrameworksBuildPhase;
			buildActionMask = 2147483647;
			files = (
			);
			runOnlyForDeploymentPostprocessing = 0;
		};
		C6D396001B64579200830790 /* Frameworks */ = {
			isa = PBXFrameworksBuildPhase;
			buildActionMask = 2147483647;
			files = (
			);
			runOnlyForDeploymentPostprocessing = 0;
		};
/* End PBXFrameworksBuildPhase section */

/* Begin PBXGroup section */
		C6D395D71B64579100830790 = {
			isa = PBXGroup;
			children = (
				C6D395E21B64579100830790 /* relliK */,
				C6D395FB1B64579200830790 /* relliKTests */,
				C6D396061B64579200830790 /* relliKUITests */,
				C6D395E11B64579100830790 /* Products */,
			);
			sourceTree = "<group>";
		};
		C6D395E11B64579100830790 /* Products */ = {
			isa = PBXGroup;
			children = (
				C6D395E01B64579100830790 /* relliK.app */,
				C6D395F81B64579200830790 /* relliKTests.xctest */,
				C6D396031B64579200830790 /* relliKUITests.xctest */,
			);
			name = Products;
			sourceTree = "<group>";
		};
		C6D395E21B64579100830790 /* relliK */ = {
			isa = PBXGroup;
			children = (
				C6E98AFD1B6F5E64005B1B29 /* SFX */,
				C6D395E31B64579100830790 /* AppDelegate.swift */,
				C6D3961F1B64594F00830790 /* GlobalsAndConstants.swift */,
				C6D395E51B64579100830790 /* GameScene.sks */,
				C6D395E71B64579100830790 /* GameScene.swift */,
				C60D5AD11B6AF57300672EC1 /* Entity.swift */,
				C60D5AD31B6AF5B000672EC1 /* Player.swift */,
				C6D396271B64597400830790 /* MainMenuScene.swift */,
				C6D395E91B64579100830790 /* GameViewController.swift */,
				C6D396291B64597D00830790 /* MyUtils.swift */,
				C658633D1B6864FA00F89D71 /* engine.sks */,
				C60D5ACB1B6A11D800672EC1 /* magicBlast.sks */,
				C60D5ACF1B6A140900672EC1 /* death.sks */,
				C6D396251B64596B00830790 /* Enemy.swift */,
				C6DB59C41B6E29900013362E /* light.sks */,
				C6D396231B64596300830790 /* Int+Extensions.swift */,
				C6D396211B64595B00830790 /* GameOverScene.swift */,
				C60D5ACC1B6A11D800672EC1 /* spark.png */,
				C6D395EB1B64579100830790 /* Main.storyboard */,
				C6D395EE1B64579200830790 /* Assets.xcassets */,
				C6D395F01B64579200830790 /* LaunchScreen.storyboard */,
				C6D395F31B64579200830790 /* Info.plist */,
			);
			path = relliK;
			sourceTree = "<group>";
		};
		C6D395FB1B64579200830790 /* relliKTests */ = {
			isa = PBXGroup;
			children = (
				C6D395FC1B64579200830790 /* relliKTests.swift */,
				C6D395FE1B64579200830790 /* Info.plist */,
			);
			path = relliKTests;
			sourceTree = "<group>";
		};
		C6D396061B64579200830790 /* relliKUITests */ = {
			isa = PBXGroup;
			children = (
				C6D396071B64579200830790 /* relliKUITests.swift */,
				C6D396091B64579200830790 /* Info.plist */,
			);
			path = relliKUITests;
			sourceTree = "<group>";
		};
		C6E98AFD1B6F5E64005B1B29 /* SFX */ = {
			isa = PBXGroup;
			children = (
				C6E98AFE1B6F5E75005B1B29 /* attack.wav */,
				C6E98AFF1B6F5E75005B1B29 /* bossHurt.wav */,
				C63933EF1B78DBF8009FFC3B /* ghostHurt.wav */,
				C63933F01B78DBF8009FFC3B /* soldierHurt.wav */,
				C6E98B001B6F5E75005B1B29 /* bulletHurt.wav */,
				C6E98B101B6F6089005B1B29 /* move.wav */,
				C63933EB1B775ECC009FFC3B /* Breaking Blocks SFX.wav */,
				C63933EC1B775ECC009FFC3B /* minionHurt.wav */,
				C6E98B011B6F5E75005B1B29 /* playerPain1.wav */,
				C6E98B021B6F5E75005B1B29 /* playerPain2.wav */,
				C6E98B031B6F5E75005B1B29 /* playerPain3.wav */,
				C63933F31B78DDE2009FFC3B /* background.mp3 */,
				C6E98B041B6F5E75005B1B29 /* playerPain4.wav */,
				C6E98B051B6F5E75005B1B29 /* bulletAttack.wav */,
				C6E98B061B6F5E75005B1B29 /* spawn.wav */,
			);
			name = SFX;
			sourceTree = "<group>";
		};
/* End PBXGroup section */

/* Begin PBXNativeTarget section */
		C6D395DF1B64579100830790 /* relliK */ = {
			isa = PBXNativeTarget;
			buildConfigurationList = C6D3960C1B64579200830790 /* Build configuration list for PBXNativeTarget "relliK" */;
			buildPhases = (
				C6D395DC1B64579100830790 /* Sources */,
				C6D395DD1B64579100830790 /* Frameworks */,
				C6D395DE1B64579100830790 /* Resources */,
			);
			buildRules = (
			);
			dependencies = (
			);
			name = relliK;
			productName = relliK;
			productReference = C6D395E01B64579100830790 /* relliK.app */;
			productType = "com.apple.product-type.application";
		};
		C6D395F71B64579200830790 /* relliKTests */ = {
			isa = PBXNativeTarget;
			buildConfigurationList = C6D3960F1B64579200830790 /* Build configuration list for PBXNativeTarget "relliKTests" */;
			buildPhases = (
				C6D395F41B64579200830790 /* Sources */,
				C6D395F51B64579200830790 /* Frameworks */,
				C6D395F61B64579200830790 /* Resources */,
			);
			buildRules = (
			);
			dependencies = (
				C6D395FA1B64579200830790 /* PBXTargetDependency */,
			);
			name = relliKTests;
			productName = relliKTests;
			productReference = C6D395F81B64579200830790 /* relliKTests.xctest */;
			productType = "com.apple.product-type.bundle.unit-test";
		};
		C6D396021B64579200830790 /* relliKUITests */ = {
			isa = PBXNativeTarget;
			buildConfigurationList = C6D396121B64579200830790 /* Build configuration list for PBXNativeTarget "relliKUITests" */;
			buildPhases = (
				C6D395FF1B64579200830790 /* Sources */,
				C6D396001B64579200830790 /* Frameworks */,
				C6D396011B64579200830790 /* Resources */,
			);
			buildRules = (
			);
			dependencies = (
				C6D396051B64579200830790 /* PBXTargetDependency */,
			);
			name = relliKUITests;
			productName = relliKUITests;
			productReference = C6D396031B64579200830790 /* relliKUITests.xctest */;
			productType = "com.apple.product-type.bundle.ui-testing";
		};
/* End PBXNativeTarget section */

/* Begin PBXProject section */
		C6D395D81B64579100830790 /* Project object */ = {
			isa = PBXProject;
			attributes = {
				LastUpgradeCheck = 0700;
				ORGANIZATIONNAME = "Bang Bang Studios";
				TargetAttributes = {
					C6D395DF1B64579100830790 = {
						CreatedOnToolsVersion = 7.0;
						DevelopmentTeam = ZJWNZ643CG;
					};
					C6D395F71B64579200830790 = {
						CreatedOnToolsVersion = 7.0;
						TestTargetID = C6D395DF1B64579100830790;
					};
					C6D396021B64579200830790 = {
						CreatedOnToolsVersion = 7.0;
						TestTargetID = C6D395DF1B64579100830790;
					};
				};
			};
			buildConfigurationList = C6D395DB1B64579100830790 /* Build configuration list for PBXProject "relliK" */;
			compatibilityVersion = "Xcode 3.2";
			developmentRegion = English;
			hasScannedForEncodings = 0;
			knownRegions = (
				en,
				Base,
			);
			mainGroup = C6D395D71B64579100830790;
			productRefGroup = C6D395E11B64579100830790 /* Products */;
			projectDirPath = "";
			projectRoot = "";
			targets = (
				C6D395DF1B64579100830790 /* relliK */,
				C6D395F71B64579200830790 /* relliKTests */,
				C6D396021B64579200830790 /* relliKUITests */,
			);
		};
/* End PBXProject section */

/* Begin PBXResourcesBuildPhase section */
		C6D395DE1B64579100830790 /* Resources */ = {
			isa = PBXResourcesBuildPhase;
			buildActionMask = 2147483647;
			files = (
				C6D395E61B64579100830790 /* GameScene.sks in Resources */,
				C63933ED1B775ECC009FFC3B /* Breaking Blocks SFX.wav in Resources */,
				C6E98B0C1B6F5E75005B1B29 /* playerPain3.wav in Resources */,
				C658633E1B6864FA00F89D71 /* engine.sks in Resources */,
				C63933F41B78DDE2009FFC3B /* background.mp3 in Resources */,
				C6DB59C51B6E29900013362E /* light.sks in Resources */,
				C6E98B0D1B6F5E75005B1B29 /* playerPain4.wav in Resources */,
				C6E98B091B6F5E75005B1B29 /* bulletHurt.wav in Resources */,
				C63933EE1B775ECC009FFC3B /* minionHurt.wav in Resources */,
				C63933F21B78DBF8009FFC3B /* soldierHurt.wav in Resources */,
				C6E98B0B1B6F5E75005B1B29 /* playerPain2.wav in Resources */,
				C60D5ACD1B6A11D800672EC1 /* magicBlast.sks in Resources */,
				C6E98B0E1B6F5E75005B1B29 /* bulletAttack.wav in Resources */,
				C6E98B0A1B6F5E75005B1B29 /* playerPain1.wav in Resources */,
				C6E98B0F1B6F5E75005B1B29 /* spawn.wav in Resources */,
				C60D5ACE1B6A11D800672EC1 /* spark.png in Resources */,
				C6E98B111B6F6089005B1B29 /* move.wav in Resources */,
				C6D395F21B64579200830790 /* LaunchScreen.storyboard in Resources */,
				C6E98B081B6F5E75005B1B29 /* bossHurt.wav in Resources */,
				C6D395EF1B64579200830790 /* Assets.xcassets in Resources */,
				C60D5AD01B6A140900672EC1 /* death.sks in Resources */,
				C6E98B071B6F5E75005B1B29 /* attack.wav in Resources */,
				C6D395ED1B64579100830790 /* Main.storyboard in Resources */,
				C63933F11B78DBF8009FFC3B /* ghostHurt.wav in Resources */,
			);
			runOnlyForDeploymentPostprocessing = 0;
		};
		C6D395F61B64579200830790 /* Resources */ = {
			isa = PBXResourcesBuildPhase;
			buildActionMask = 2147483647;
			files = (
			);
			runOnlyForDeploymentPostprocessing = 0;
		};
		C6D396011B64579200830790 /* Resources */ = {
			isa = PBXResourcesBuildPhase;
			buildActionMask = 2147483647;
			files = (
			);
			runOnlyForDeploymentPostprocessing = 0;
		};
/* End PBXResourcesBuildPhase section */

/* Begin PBXSourcesBuildPhase section */
		C6D395DC1B64579100830790 /* Sources */ = {
			isa = PBXSourcesBuildPhase;
			buildActionMask = 2147483647;
			files = (
				C60D5AD41B6AF5B000672EC1 /* Player.swift in Sources */,
				C6D396261B64596B00830790 /* Enemy.swift in Sources */,
				C6D396221B64595B00830790 /* GameOverScene.swift in Sources */,
				C6D396201B64594F00830790 /* GlobalsAndConstants.swift in Sources */,
				C6D395E81B64579100830790 /* GameScene.swift in Sources */,
				C6D3962A1B64597D00830790 /* MyUtils.swift in Sources */,
				C6D396241B64596300830790 /* Int+Extensions.swift in Sources */,
				C60D5AD21B6AF57300672EC1 /* Entity.swift in Sources */,
				C6D395EA1B64579100830790 /* GameViewController.swift in Sources */,
				C6D396281B64597400830790 /* MainMenuScene.swift in Sources */,
				C6D395E41B64579100830790 /* AppDelegate.swift in Sources */,
			);
			runOnlyForDeploymentPostprocessing = 0;
		};
		C6D395F41B64579200830790 /* Sources */ = {
			isa = PBXSourcesBuildPhase;
			buildActionMask = 2147483647;
			files = (
				C6D395FD1B64579200830790 /* relliKTests.swift in Sources */,
			);
			runOnlyForDeploymentPostprocessing = 0;
		};
		C6D395FF1B64579200830790 /* Sources */ = {
			isa = PBXSourcesBuildPhase;
			buildActionMask = 2147483647;
			files = (
				C6D396081B64579200830790 /* relliKUITests.swift in Sources */,
			);
			runOnlyForDeploymentPostprocessing = 0;
		};
/* End PBXSourcesBuildPhase section */

/* Begin PBXTargetDependency section */
		C6D395FA1B64579200830790 /* PBXTargetDependency */ = {
			isa = PBXTargetDependency;
			target = C6D395DF1B64579100830790 /* relliK */;
			targetProxy = C6D395F91B64579200830790 /* PBXContainerItemProxy */;
		};
		C6D396051B64579200830790 /* PBXTargetDependency */ = {
			isa = PBXTargetDependency;
			target = C6D395DF1B64579100830790 /* relliK */;
			targetProxy = C6D396041B64579200830790 /* PBXContainerItemProxy */;
		};
/* End PBXTargetDependency section */

/* Begin PBXVariantGroup section */
		C6D395EB1B64579100830790 /* Main.storyboard */ = {
			isa = PBXVariantGroup;
			children = (
				C6D395EC1B64579100830790 /* Base */,
			);
			name = Main.storyboard;
			sourceTree = "<group>";
		};
		C6D395F01B64579200830790 /* LaunchScreen.storyboard */ = {
			isa = PBXVariantGroup;
			children = (
				C6D395F11B64579200830790 /* Base */,
			);
			name = LaunchScreen.storyboard;
			sourceTree = "<group>";
		};
/* End PBXVariantGroup section */

/* Begin XCBuildConfiguration section */
		C6D3960A1B64579200830790 /* Debug */ = {
			isa = XCBuildConfiguration;
			buildSettings = {
				ALWAYS_SEARCH_USER_PATHS = NO;
				CLANG_CXX_LANGUAGE_STANDARD = "gnu++0x";
				CLANG_CXX_LIBRARY = "libc++";
				CLANG_ENABLE_MODULES = YES;
				CLANG_ENABLE_OBJC_ARC = YES;
				CLANG_WARN_BOOL_CONVERSION = YES;
				CLANG_WARN_CONSTANT_CONVERSION = YES;
				CLANG_WARN_DIRECT_OBJC_ISA_USAGE = YES_ERROR;
				CLANG_WARN_EMPTY_BODY = YES;
				CLANG_WARN_ENUM_CONVERSION = YES;
				CLANG_WARN_INT_CONVERSION = YES;
				CLANG_WARN_OBJC_ROOT_CLASS = YES_ERROR;
				CLANG_WARN_UNREACHABLE_CODE = YES;
				CLANG_WARN__DUPLICATE_METHOD_MATCH = YES;
				"CODE_SIGN_IDENTITY[sdk=iphoneos*]" = "iPhone Developer";
				COPY_PHASE_STRIP = NO;
				DEBUG_INFORMATION_FORMAT = dwarf;
				ENABLE_STRICT_OBJC_MSGSEND = YES;
				ENABLE_TESTABILITY = YES;
				GCC_C_LANGUAGE_STANDARD = gnu99;
				GCC_DYNAMIC_NO_PIC = NO;
				GCC_NO_COMMON_BLOCKS = YES;
				GCC_OPTIMIZATION_LEVEL = 0;
				GCC_PREPROCESSOR_DEFINITIONS = (
					"DEBUG=1",
					"$(inherited)",
				);
				GCC_WARN_64_TO_32_BIT_CONVERSION = YES;
				GCC_WARN_ABOUT_RETURN_TYPE = YES_ERROR;
				GCC_WARN_UNDECLARED_SELECTOR = YES;
				GCC_WARN_UNINITIALIZED_AUTOS = YES_AGGRESSIVE;
				GCC_WARN_UNUSED_FUNCTION = YES;
				GCC_WARN_UNUSED_VARIABLE = YES;
				IPHONEOS_DEPLOYMENT_TARGET = 9.0;
				MTL_ENABLE_DEBUG_INFO = YES;
				ONLY_ACTIVE_ARCH = YES;
				SDKROOT = iphoneos;
				SWIFT_OPTIMIZATION_LEVEL = "-Onone";
				TARGETED_DEVICE_FAMILY = "1,2";
			};
			name = Debug;
		};
		C6D3960B1B64579200830790 /* Release */ = {
			isa = XCBuildConfiguration;
			buildSettings = {
				ALWAYS_SEARCH_USER_PATHS = NO;
				CLANG_CXX_LANGUAGE_STANDARD = "gnu++0x";
				CLANG_CXX_LIBRARY = "libc++";
				CLANG_ENABLE_MODULES = YES;
				CLANG_ENABLE_OBJC_ARC = YES;
				CLANG_WARN_BOOL_CONVERSION = YES;
				CLANG_WARN_CONSTANT_CONVERSION = YES;
				CLANG_WARN_DIRECT_OBJC_ISA_USAGE = YES_ERROR;
				CLANG_WARN_EMPTY_BODY = YES;
				CLANG_WARN_ENUM_CONVERSION = YES;
				CLANG_WARN_INT_CONVERSION = YES;
				CLANG_WARN_OBJC_ROOT_CLASS = YES_ERROR;
				CLANG_WARN_UNREACHABLE_CODE = YES;
				CLANG_WARN__DUPLICATE_METHOD_MATCH = YES;
				"CODE_SIGN_IDENTITY[sdk=iphoneos*]" = "iPhone Developer";
				COPY_PHASE_STRIP = NO;
				DEBUG_INFORMATION_FORMAT = "dwarf-with-dsym";
				ENABLE_NS_ASSERTIONS = NO;
				ENABLE_STRICT_OBJC_MSGSEND = YES;
				GCC_C_LANGUAGE_STANDARD = gnu99;
				GCC_NO_COMMON_BLOCKS = YES;
				GCC_WARN_64_TO_32_BIT_CONVERSION = YES;
				GCC_WARN_ABOUT_RETURN_TYPE = YES_ERROR;
				GCC_WARN_UNDECLARED_SELECTOR = YES;
				GCC_WARN_UNINITIALIZED_AUTOS = YES_AGGRESSIVE;
				GCC_WARN_UNUSED_FUNCTION = YES;
				GCC_WARN_UNUSED_VARIABLE = YES;
				IPHONEOS_DEPLOYMENT_TARGET = 9.0;
				MTL_ENABLE_DEBUG_INFO = NO;
				SDKROOT = iphoneos;
				TARGETED_DEVICE_FAMILY = "1,2";
				VALIDATE_PRODUCT = YES;
			};
			name = Release;
		};
		C6D3960D1B64579200830790 /* Debug */ = {
			isa = XCBuildConfiguration;
			buildSettings = {
				ASSETCATALOG_COMPILER_APPICON_NAME = AppIcon;
				CODE_SIGN_IDENTITY = "iPhone Developer";
				INFOPLIST_FILE = relliK/Info.plist;
				IPHONEOS_DEPLOYMENT_TARGET = 8.4;
				LD_RUNPATH_SEARCH_PATHS = "$(inherited) @executable_path/Frameworks";
				PRODUCT_BUNDLE_IDENTIFIER = com.BangBangStudios.relliK;
				PRODUCT_NAME = "$(TARGET_NAME)";
				TARGETED_DEVICE_FAMILY = "1,2";
			};
			name = Debug;
		};
		C6D3960E1B64579200830790 /* Release */ = {
			isa = XCBuildConfiguration;
			buildSettings = {
				ASSETCATALOG_COMPILER_APPICON_NAME = AppIcon;
				CODE_SIGN_IDENTITY = "iPhone Developer";
				INFOPLIST_FILE = relliK/Info.plist;
				IPHONEOS_DEPLOYMENT_TARGET = 8.4;
				LD_RUNPATH_SEARCH_PATHS = "$(inherited) @executable_path/Frameworks";
				PRODUCT_BUNDLE_IDENTIFIER = com.BangBangStudios.relliK;
				PRODUCT_NAME = "$(TARGET_NAME)";
				TARGETED_DEVICE_FAMILY = "1,2";
			};
			name = Release;
		};
		C6D396101B64579200830790 /* Debug */ = {
			isa = XCBuildConfiguration;
			buildSettings = {
				BUNDLE_LOADER = "$(TEST_HOST)";
				INFOPLIST_FILE = relliKTests/Info.plist;
				LD_RUNPATH_SEARCH_PATHS = "$(inherited) @executable_path/Frameworks @loader_path/Frameworks";
				PRODUCT_BUNDLE_IDENTIFIER = com.BangBangStudios.relliKTests;
				PRODUCT_NAME = "$(TARGET_NAME)";
				TEST_HOST = "$(BUILT_PRODUCTS_DIR)/relliK.app/relliK";
			};
			name = Debug;
		};
		C6D396111B64579200830790 /* Release */ = {
			isa = XCBuildConfiguration;
			buildSettings = {
				BUNDLE_LOADER = "$(TEST_HOST)";
				INFOPLIST_FILE = relliKTests/Info.plist;
				LD_RUNPATH_SEARCH_PATHS = "$(inherited) @executable_path/Frameworks @loader_path/Frameworks";
				PRODUCT_BUNDLE_IDENTIFIER = com.BangBangStudios.relliKTests;
				PRODUCT_NAME = "$(TARGET_NAME)";
				TEST_HOST = "$(BUILT_PRODUCTS_DIR)/relliK.app/relliK";
			};
			name = Release;
		};
		C6D396131B64579200830790 /* Debug */ = {
			isa = XCBuildConfiguration;
			buildSettings = {
				INFOPLIST_FILE = relliKUITests/Info.plist;
				LD_RUNPATH_SEARCH_PATHS = "$(inherited) @executable_path/Frameworks @loader_path/Frameworks";
				PRODUCT_BUNDLE_IDENTIFIER = com.BangBangStudios.relliKUITests;
				PRODUCT_NAME = "$(TARGET_NAME)";
				TEST_TARGET_NAME = relliK;
				USES_XCTRUNNER = YES;
			};
			name = Debug;
		};
		C6D396141B64579200830790 /* Release */ = {
			isa = XCBuildConfiguration;
			buildSettings = {
				INFOPLIST_FILE = relliKUITests/Info.plist;
				LD_RUNPATH_SEARCH_PATHS = "$(inherited) @executable_path/Frameworks @loader_path/Frameworks";
				PRODUCT_BUNDLE_IDENTIFIER = com.BangBangStudios.relliKUITests;
				PRODUCT_NAME = "$(TARGET_NAME)";
				TEST_TARGET_NAME = relliK;
				USES_XCTRUNNER = YES;
			};
			name = Release;
		};
/* End XCBuildConfiguration section */

/* Begin XCConfigurationList section */
		C6D395DB1B64579100830790 /* Build configuration list for PBXProject "relliK" */ = {
			isa = XCConfigurationList;
			buildConfigurations = (
				C6D3960A1B64579200830790 /* Debug */,
				C6D3960B1B64579200830790 /* Release */,
			);
			defaultConfigurationIsVisible = 0;
			defaultConfigurationName = Release;
		};
		C6D3960C1B64579200830790 /* Build configuration list for PBXNativeTarget "relliK" */ = {
			isa = XCConfigurationList;
			buildConfigurations = (
				C6D3960D1B64579200830790 /* Debug */,
				C6D3960E1B64579200830790 /* Release */,
			);
			defaultConfigurationIsVisible = 0;
			defaultConfigurationName = Release;
		};
		C6D3960F1B64579200830790 /* Build configuration list for PBXNativeTarget "relliKTests" */ = {
			isa = XCConfigurationList;
			buildConfigurations = (
				C6D396101B64579200830790 /* Debug */,
				C6D396111B64579200830790 /* Release */,
			);
			defaultConfigurationIsVisible = 0;
			defaultConfigurationName = Release;
		};
		C6D396121B64579200830790 /* Build configuration list for PBXNativeTarget "relliKUITests" */ = {
			isa = XCConfigurationList;
			buildConfigurations = (
				C6D396131B64579200830790 /* Debug */,
				C6D396141B64579200830790 /* Release */,
			);
			defaultConfigurationIsVisible = 0;
			defaultConfigurationName = Release;
		};
/* End XCConfigurationList section */
	};
	rootObject = C6D395D81B64579100830790 /* Project object */;
}
